
Microsoft Visual Studio Solution File, Format Version 12.00
# Visual Studio Version 16
VisualStudioVersion = 16.0.29609.76
MinimumVisualStudioVersion = 10.0.40219.1
Project("{FAE04EC0-301F-11D3-BF4B-00C04F79EFBC}") = "SoundsSharp Classlib", "SoundSharp Class Library - Sprint 11\SoundsSharp Classlib.csproj", "{85358B53-26EB-43FF-AF1C-4F77DE5D8F0B}"
EndProject
Project("{FAE04EC0-301F-11D3-BF4B-00C04F79EFBC}") = "ClassLibTest", "ClassLibTest\ClassLibTest.csproj", "{6D2151D2-CE04-4EA3-A117-9A3E7F350CE2}"
EndProject
Global
	GlobalSection(SolutionConfigurationPlatforms) = preSolution
		Debug|Any CPU = Debug|Any CPU
		Release|Any CPU = Release|Any CPU
	EndGlobalSection
	GlobalSection(ProjectConfigurationPlatforms) = postSolution
		{85358B53-26EB-43FF-AF1C-4F77DE5D8F0B}.Debug|Any CPU.ActiveCfg = Debug|Any CPU
		{85358B53-26EB-43FF-AF1C-4F77DE5D8F0B}.Debug|Any CPU.Build.0 = Debug|Any CPU
		{85358B53-26EB-43FF-AF1C-4F77DE5D8F0B}.Release|Any CPU.ActiveCfg = Release|Any CPU
		{85358B53-26EB-43FF-AF1C-4F77DE5D8F0B}.Release|Any CPU.Build.0 = Release|Any CPU
		{6D2151D2-CE04-4EA3-A117-9A3E7F350CE2}.Debug|Any CPU.ActiveCfg = Debug|Any CPU
		{6D2151D2-CE04-4EA3-A117-9A3E7F350CE2}.Debug|Any CPU.Build.0 = Debug|Any CPU
		{6D2151D2-CE04-4EA3-A117-9A3E7F350CE2}.Release|Any CPU.ActiveCfg = Release|Any CPU
		{6D2151D2-CE04-4EA3-A117-9A3E7F350CE2}.Release|Any CPU.Build.0 = Release|Any CPU
	EndGlobalSection
	GlobalSection(SolutionProperties) = preSolution
		HideSolutionNode = FALSE
	EndGlobalSection
	GlobalSection(ExtensibilityGlobals) = postSolution
		SolutionGuid = {0C49A109-7312-435A-A2AC-D2006A5778BB}
	EndGlobalSection
EndGlobal
